
Microsoft Visual Studio Solution File, Format Version 12.00
# Visual Studio 15
VisualStudioVersion = 15.0.27428.2043
MinimumVisualStudioVersion = 10.0.40219.1
Project("{FAE04EC0-301F-11D3-BF4B-00C04F79EFBC}") = "BasketTest", "BasketTest\BasketTest.csproj", "{813B66D0-DD82-42AE-B769-C6F762030294}"
EndProject
Project("{FAE04EC0-301F-11D3-BF4B-00C04F79EFBC}") = "Basket", "Basket\Basket.csproj", "{5069CE3F-8D31-489E-A252-787BD93B69EE}"
EndProject
Global
	GlobalSection(SolutionConfigurationPlatforms) = preSolution
		Debug|Any CPU = Debug|Any CPU
		Release|Any CPU = Release|Any CPU
	EndGlobalSection
	GlobalSection(ProjectConfigurationPlatforms) = postSolution
		{813B66D0-DD82-42AE-B769-C6F762030294}.Debug|Any CPU.ActiveCfg = Debug|Any CPU
		{813B66D0-DD82-42AE-B769-C6F762030294}.Debug|Any CPU.Build.0 = Debug|Any CPU
		{813B66D0-DD82-42AE-B769-C6F762030294}.Release|Any CPU.ActiveCfg = Release|Any CPU
		{813B66D0-DD82-42AE-B769-C6F762030294}.Release|Any CPU.Build.0 = Release|Any CPU
		{5069CE3F-8D31-489E-A252-787BD93B69EE}.Debug|Any CPU.ActiveCfg = Debug|Any CPU
		{5069CE3F-8D31-489E-A252-787BD93B69EE}.Debug|Any CPU.Build.0 = Debug|Any CPU
		{5069CE3F-8D31-489E-A252-787BD93B69EE}.Release|Any CPU.ActiveCfg = Release|Any CPU
		{5069CE3F-8D31-489E-A252-787BD93B69EE}.Release|Any CPU.Build.0 = Release|Any CPU
	EndGlobalSection
	GlobalSection(SolutionProperties) = preSolution
		HideSolutionNode = FALSE
	EndGlobalSection
	GlobalSection(ExtensibilityGlobals) = postSolution
		SolutionGuid = {16B00A00-F40C-4CF4-8F52-34CC617FF59C}
	EndGlobalSection
EndGlobal
